// !$*UTF8*$!
{
	archiveVersion = 1;
	classes = {
	};
	objectVersion = 56;
	objects = {

/* Begin PBXBuildFile section */
		B85457A629AE80B600DC7CD8 /* AffordRingApp.swift in Sources */ = {isa = PBXBuildFile; fileRef = B85457A529AE80B600DC7CD8 /* AffordRingApp.swift */; };
		B85457A829AE80B600DC7CD8 /* ContentView.swift in Sources */ = {isa = PBXBuildFile; fileRef = B85457A729AE80B600DC7CD8 /* ContentView.swift */; };
		B85457AA29AE80B700DC7CD8 /* Assets.xcassets in Resources */ = {isa = PBXBuildFile; fileRef = B85457A929AE80B700DC7CD8 /* Assets.xcassets */; };
		B85457AD29AE80B700DC7CD8 /* Preview Assets.xcassets in Resources */ = {isa = PBXBuildFile; fileRef = B85457AC29AE80B700DC7CD8 /* Preview Assets.xcassets */; };
		B85457B429AE8A7500DC7CD8 /* ChatView.swift in Sources */ = {isa = PBXBuildFile; fileRef = B85457B329AE8A7500DC7CD8 /* ChatView.swift */; };
		B8A702E129AF507500778FDB /* MainChat.swift in Sources */ = {isa = PBXBuildFile; fileRef = B8A702E029AF507500778FDB /* MainChat.swift */; };
		B8A702E529AF5B2D00778FDB /* Practice.swift in Sources */ = {isa = PBXBuildFile; fileRef = B8A702E429AF5B2D00778FDB /* Practice.swift */; };
/* End PBXBuildFile section */

/* Begin PBXFileReference section */
		B85457A229AE80B600DC7CD8 /* AffordRing.app */ = {isa = PBXFileReference; explicitFileType = wrapper.application; includeInIndex = 0; path = AffordRing.app; sourceTree = BUILT_PRODUCTS_DIR; };
		B85457A529AE80B600DC7CD8 /* AffordRingApp.swift */ = {isa = PBXFileReference; lastKnownFileType = sourcecode.swift; path = AffordRingApp.swift; sourceTree = "<group>"; };
		B85457A729AE80B600DC7CD8 /* ContentView.swift */ = {isa = PBXFileReference; lastKnownFileType = sourcecode.swift; path = ContentView.swift; sourceTree = "<group>"; };
		B85457A929AE80B700DC7CD8 /* Assets.xcassets */ = {isa = PBXFileReference; lastKnownFileType = folder.assetcatalog; path = Assets.xcassets; sourceTree = "<group>"; };
		B85457AC29AE80B700DC7CD8 /* Preview Assets.xcassets */ = {isa = PBXFileReference; lastKnownFileType = folder.assetcatalog; path = "Preview Assets.xcassets"; sourceTree = "<group>"; };
		B85457B329AE8A7500DC7CD8 /* ChatView.swift */ = {isa = PBXFileReference; lastKnownFileType = sourcecode.swift; path = ChatView.swift; sourceTree = "<group>"; };
		B8A702E029AF507500778FDB /* MainChat.swift */ = {isa = PBXFileReference; lastKnownFileType = sourcecode.swift; path = MainChat.swift; sourceTree = "<group>"; };
		B8A702E429AF5B2D00778FDB /* Practice.swift */ = {isa = PBXFileReference; lastKnownFileType = sourcecode.swift; path = Practice.swift; sourceTree = "<group>"; };
/* End PBXFileReference section */

/* Begin PBXFrameworksBuildPhase section */
		B854579F29AE80B600DC7CD8 /* Frameworks */ = {
			isa = PBXFrameworksBuildPhase;
			buildActionMask = 2147483647;
			files = (
			);
			runOnlyForDeploymentPostprocessing = 0;
		};
/* End PBXFrameworksBuildPhase section */

/* Begin PBXGroup section */
		B854579929AE80B600DC7CD8 = {
			isa = PBXGroup;
			children = (
				B85457A429AE80B600DC7CD8 /* AffordRing */,
				B85457A329AE80B600DC7CD8 /* Products */,
			);
			sourceTree = "<group>";
		};
		B85457A329AE80B600DC7CD8 /* Products */ = {
			isa = PBXGroup;
			children = (
				B85457A229AE80B600DC7CD8 /* AffordRing.app */,
			);
			name = Products;
			sourceTree = "<group>";
		};
		B85457A429AE80B600DC7CD8 /* AffordRing */ = {
			isa = PBXGroup;
			children = (
				B85457A529AE80B600DC7CD8 /* AffordRingApp.swift */,
				B85457A729AE80B600DC7CD8 /* ContentView.swift */,
				B85457B329AE8A7500DC7CD8 /* ChatView.swift */,
				B8A702E029AF507500778FDB /* MainChat.swift */,
				B8A702E429AF5B2D00778FDB /* Practice.swift */,
				B85457A929AE80B700DC7CD8 /* Assets.xcassets */,
				B85457AB29AE80B700DC7CD8 /* Preview Content */,
			);
			path = AffordRing;
			sourceTree = "<group>";
		};
		B85457AB29AE80B700DC7CD8 /* Preview Content */ = {
			isa = PBXGroup;
			children = (
				B85457AC29AE80B700DC7CD8 /* Preview Assets.xcassets */,
			);
			path = "Preview Content";
			sourceTree = "<group>";
		};
/* End PBXGroup section */

/* Begin PBXNativeTarget section */
		B85457A129AE80B600DC7CD8 /* AffordRing */ = {
			isa = PBXNativeTarget;
			buildConfigurationList = B85457B029AE80B700DC7CD8 /* Build configuration list for PBXNativeTarget "AffordRing" */;
			buildPhases = (
				B854579E29AE80B600DC7CD8 /* Sources */,
				B854579F29AE80B600DC7CD8 /* Frameworks */,
				B85457A029AE80B600DC7CD8 /* Resources */,
			);
			buildRules = (
			);
			dependencies = (
			);
			name = AffordRing;
			productName = AffordRing;
			productReference = B85457A229AE80B600DC7CD8 /* AffordRing.app */;
			productType = "com.apple.product-type.application";
		};
/* End PBXNativeTarget section */

/* Begin PBXProject section */
		B854579A29AE80B600DC7CD8 /* Project object */ = {
			isa = PBXProject;
			attributes = {
				BuildIndependentTargetsInParallel = 1;
				LastSwiftUpdateCheck = 1420;
				LastUpgradeCheck = 1420;
				TargetAttributes = {
					B85457A129AE80B600DC7CD8 = {
						CreatedOnToolsVersion = 14.2;
					};
				};
			};
			buildConfigurationList = B854579D29AE80B600DC7CD8 /* Build configuration list for PBXProject "AffordRing" */;
			compatibilityVersion = "Xcode 14.0";
			developmentRegion = en;
			hasScannedForEncodings = 0;
			knownRegions = (
				en,
				Base,
			);
			mainGroup = B854579929AE80B600DC7CD8;
			productRefGroup = B85457A329AE80B600DC7CD8 /* Products */;
			projectDirPath = "";
			projectRoot = "";
			targets = (
				B85457A129AE80B600DC7CD8 /* AffordRing */,
			);
		};
/* End PBXProject section */

/* Begin PBXResourcesBuildPhase section */
		B85457A029AE80B600DC7CD8 /* Resources */ = {
			isa = PBXResourcesBuildPhase;
			buildActionMask = 2147483647;
			files = (
				B85457AD29AE80B700DC7CD8 /* Preview Assets.xcassets in Resources */,
				B85457AA29AE80B700DC7CD8 /* Assets.xcassets in Resources */,
			);
			runOnlyForDeploymentPostprocessing = 0;
		};
/* End PBXResourcesBuildPhase section */

/* Begin PBXSourcesBuildPhase section */
		B854579E29AE80B600DC7CD8 /* Sources */ = {
			isa = PBXSourcesBuildPhase;
			buildActionMask = 2147483647;
			files = (
				B85457A829AE80B600DC7CD8 /* ContentView.swift in Sources */,
				B85457B429AE8A7500DC7CD8 /* ChatView.swift in Sources */,
				B8A702E129AF507500778FDB /* MainChat.swift in Sources */,
				B8A702E529AF5B2D00778FDB /* Practice.swift in Sources */,
				B85457A629AE80B600DC7CD8 /* AffordRingApp.swift in Sources */,
			);
			runOnlyForDeploymentPostprocessing = 0;
		};
/* End PBXSourcesBuildPhase section */

/* Begin XCBuildConfiguration section */
		B85457AE29AE80B700DC7CD8 /* Debug */ = {
			isa = XCBuildConfiguration;
			buildSettings = {
				ALWAYS_SEARCH_USER_PATHS = NO;
				CLANG_ANALYZER_NONNULL = YES;
				CLANG_ANALYZER_NUMBER_OBJECT_CONVERSION = YES_AGGRESSIVE;
				CLANG_CXX_LANGUAGE_STANDARD = "gnu++20";
				CLANG_ENABLE_MODULES = YES;
				CLANG_ENABLE_OBJC_ARC = YES;
				CLANG_ENABLE_OBJC_WEAK = YES;
				CLANG_WARN_BLOCK_CAPTURE_AUTORELEASING = YES;
				CLANG_WARN_BOOL_CONVERSION = YES;
				CLANG_WARN_COMMA = YES;
				CLANG_WARN_CONSTANT_CONVERSION = YES;
				CLANG_WARN_DEPRECATED_OBJC_IMPLEMENTATIONS = YES;
				CLANG_WARN_DIRECT_OBJC_ISA_USAGE = YES_ERROR;
				CLANG_WARN_DOCUMENTATION_COMMENTS = YES;
				CLANG_WARN_EMPTY_BODY = YES;
				CLANG_WARN_ENUM_CONVERSION = YES;
				CLANG_WARN_INFINITE_RECURSION = YES;
				CLANG_WARN_INT_CONVERSION = YES;
				CLANG_WARN_NON_LITERAL_NULL_CONVERSION = YES;
				CLANG_WARN_OBJC_IMPLICIT_RETAIN_SELF = YES;
				CLANG_WARN_OBJC_LITERAL_CONVERSION = YES;
				CLANG_WARN_OBJC_ROOT_CLASS = YES_ERROR;
				CLANG_WARN_QUOTED_INCLUDE_IN_FRAMEWORK_HEADER = YES;
				CLANG_WARN_RANGE_LOOP_ANALYSIS = YES;
				CLANG_WARN_STRICT_PROTOTYPES = YES;
				CLANG_WARN_SUSPICIOUS_MOVE = YES;
				CLANG_WARN_UNGUARDED_AVAILABILITY = YES_AGGRESSIVE;
				CLANG_WARN_UNREACHABLE_CODE = YES;
				CLANG_WARN__DUPLICATE_METHOD_MATCH = YES;
				COPY_PHASE_STRIP = NO;
				DEBUG_INFORMATION_FORMAT = dwarf;
				ENABLE_STRICT_OBJC_MSGSEND = YES;
				ENABLE_TESTABILITY = YES;
				GCC_C_LANGUAGE_STANDARD = gnu11;
				GCC_DYNAMIC_NO_PIC = NO;
				GCC_NO_COMMON_BLOCKS = YES;
				GCC_OPTIMIZATION_LEVEL = 0;
				GCC_PREPROCESSOR_DEFINITIONS = (
					"DEBUG=1",
					"$(inherited)",
				);
				GCC_WARN_64_TO_32_BIT_CONVERSION = YES;
				GCC_WARN_ABOUT_RETURN_TYPE = YES_ERROR;
				GCC_WARN_UNDECLARED_SELECTOR = YES;
				GCC_WARN_UNINITIALIZED_AUTOS = YES_AGGRESSIVE;
				GCC_WARN_UNUSED_FUNCTION = YES;
				GCC_WARN_UNUSED_VARIABLE = YES;
				IPHONEOS_DEPLOYMENT_TARGET = 16.2;
				MTL_ENABLE_DEBUG_INFO = INCLUDE_SOURCE;
				MTL_FAST_MATH = YES;
				ONLY_ACTIVE_ARCH = YES;
				SDKROOT = iphoneos;
				SWIFT_ACTIVE_COMPILATION_CONDITIONS = DEBUG;
				SWIFT_OPTIMIZATION_LEVEL = "-Onone";
			};
			name = Debug;
		};
		B85457AF29AE80B700DC7CD8 /* Release */ = {
			isa = XCBuildConfiguration;
			buildSettings = {
				ALWAYS_SEARCH_USER_PATHS = NO;
				CLANG_ANALYZER_NONNULL = YES;
				CLANG_ANALYZER_NUMBER_OBJECT_CONVERSION = YES_AGGRESSIVE;
				CLANG_CXX_LANGUAGE_STANDARD = "gnu++20";
				CLANG_ENABLE_MODULES = YES;
				CLANG_ENABLE_OBJC_ARC = YES;
				CLANG_ENABLE_OBJC_WEAK = YES;
				CLANG_WARN_BLOCK_CAPTURE_AUTORELEASING = YES;
				CLANG_WARN_BOOL_CONVERSION = YES;
				CLANG_WARN_COMMA = YES;
				CLANG_WARN_CONSTANT_CONVERSION = YES;
				CLANG_WARN_DEPRECATED_OBJC_IMPLEMENTATIONS = YES;
				CLANG_WARN_DIRECT_OBJC_ISA_USAGE = YES_ERROR;
				CLANG_WARN_DOCUMENTATION_COMMENTS = YES;
				CLANG_WARN_EMPTY_BODY = YES;
				CLANG_WARN_ENUM_CONVERSION = YES;
				CLANG_WARN_INFINITE_RECURSION = YES;
				CLANG_WARN_INT_CONVERSION = YES;
				CLANG_WARN_NON_LITERAL_NULL_CONVERSION = YES;
				CLANG_WARN_OBJC_IMPLICIT_RETAIN_SELF = YES;
				CLANG_WARN_OBJC_LITERAL_CONVERSION = YES;
				CLANG_WARN_OBJC_ROOT_CLASS = YES_ERROR;
				CLANG_WARN_QUOTED_INCLUDE_IN_FRAMEWORK_HEADER = YES;
				CLANG_WARN_RANGE_LOOP_ANALYSIS = YES;
				CLANG_WARN_STRICT_PROTOTYPES = YES;
				CLANG_WARN_SUSPICIOUS_MOVE = YES;
				CLANG_WARN_UNGUARDED_AVAILABILITY = YES_AGGRESSIVE;
				CLANG_WARN_UNREACHABLE_CODE = YES;
				CLANG_WARN__DUPLICATE_METHOD_MATCH = YES;
				COPY_PHASE_STRIP = NO;
				DEBUG_INFORMATION_FORMAT = "dwarf-with-dsym";
				ENABLE_NS_ASSERTIONS = NO;
				ENABLE_STRICT_OBJC_MSGSEND = YES;
				GCC_C_LANGUAGE_STANDARD = gnu11;
				GCC_NO_COMMON_BLOCKS = YES;
				GCC_WARN_64_TO_32_BIT_CONVERSION = YES;
				GCC_WARN_ABOUT_RETURN_TYPE = YES_ERROR;
				GCC_WARN_UNDECLARED_SELECTOR = YES;
				GCC_WARN_UNINITIALIZED_AUTOS = YES_AGGRESSIVE;
				GCC_WARN_UNUSED_FUNCTION = YES;
				GCC_WARN_UNUSED_VARIABLE = YES;
				IPHONEOS_DEPLOYMENT_TARGET = 16.2;
				MTL_ENABLE_DEBUG_INFO = NO;
				MTL_FAST_MATH = YES;
				SDKROOT = iphoneos;
				SWIFT_COMPILATION_MODE = wholemodule;
				SWIFT_OPTIMIZATION_LEVEL = "-O";
				VALIDATE_PRODUCT = YES;
			};
			name = Release;
		};
		B85457B129AE80B700DC7CD8 /* Debug */ = {
			isa = XCBuildConfiguration;
			buildSettings = {
				ASSETCATALOG_COMPILER_APPICON_NAME = AppIcon;
				ASSETCATALOG_COMPILER_GLOBAL_ACCENT_COLOR_NAME = AccentColor;
				CODE_SIGN_STYLE = Automatic;
				CURRENT_PROJECT_VERSION = 1;
				DEVELOPMENT_ASSET_PATHS = "\"AffordRing/Preview Content\"";
				DEVELOPMENT_TEAM = TLQ4B4Q956;
				ENABLE_PREVIEWS = YES;
				GENERATE_INFOPLIST_FILE = YES;
				INFOPLIST_KEY_UIApplicationSceneManifest_Generation = YES;
				INFOPLIST_KEY_UIApplicationSupportsIndirectInputEvents = YES;
				INFOPLIST_KEY_UILaunchScreen_Generation = YES;
				INFOPLIST_KEY_UISupportedInterfaceOrientations_iPad = "UIInterfaceOrientationPortrait UIInterfaceOrientationPortraitUpsideDown UIInterfaceOrientationLandscapeLeft UIInterfaceOrientationLandscapeRight";
				INFOPLIST_KEY_UISupportedInterfaceOrientations_iPhone = "UIInterfaceOrientationPortrait UIInterfaceOrientationLandscapeLeft UIInterfaceOrientationLandscapeRight";
				LD_RUNPATH_SEARCH_PATHS = (
					"$(inherited)",
					"@executable_path/Frameworks",
				);
				MARKETING_VERSION = 1.0;
				PRODUCT_BUNDLE_IDENTIFIER = com.adityakhadke.AffordRing;
				PRODUCT_NAME = "$(TARGET_NAME)";
				SWIFT_EMIT_LOC_STRINGS = YES;
				SWIFT_VERSION = 5.0;
				TARGETED_DEVICE_FAMILY = "1,2";
			};
			name = Debug;
		};
		B85457B229AE80B700DC7CD8 /* Release */ = {
			isa = XCBuildConfiguration;
			buildSettings = {
				ASSETCATALOG_COMPILER_APPICON_NAME = AppIcon;
				ASSETCATALOG_COMPILER_GLOBAL_ACCENT_COLOR_NAME = AccentColor;
				CODE_SIGN_STYLE = Automatic;
				CURRENT_PROJECT_VERSION = 1;
				DEVELOPMENT_ASSET_PATHS = "\"AffordRing/Preview Content\"";
				DEVELOPMENT_TEAM = TLQ4B4Q956;
				ENABLE_PREVIEWS = YES;
				GENERATE_INFOPLIST_FILE = YES;
				INFOPLIST_KEY_UIApplicationSceneManifest_Generation = YES;
				INFOPLIST_KEY_UIApplicationSupportsIndirectInputEvents = YES;
				INFOPLIST_KEY_UILaunchScreen_Generation = YES;
				INFOPLIST_KEY_UISupportedInterfaceOrientations_iPad = "UIInterfaceOrientationPortrait UIInterfaceOrientationPortraitUpsideDown UIInterfaceOrientationLandscapeLeft UIInterfaceOrientationLandscapeRight";
				INFOPLIST_KEY_UISupportedInterfaceOrientations_iPhone = "UIInterfaceOrientationPortrait UIInterfaceOrientationLandscapeLeft UIInterfaceOrientationLandscapeRight";
				LD_RUNPATH_SEARCH_PATHS = (
					"$(inherited)",
					"@executable_path/Frameworks",
				);
				MARKETING_VERSION = 1.0;
				PRODUCT_BUNDLE_IDENTIFIER = com.adityakhadke.AffordRing;
				PRODUCT_NAME = "$(TARGET_NAME)";
				SWIFT_EMIT_LOC_STRINGS = YES;
				SWIFT_VERSION = 5.0;
				TARGETED_DEVICE_FAMILY = "1,2";
			};
			name = Release;
		};
/* End XCBuildConfiguration section */

/* Begin XCConfigurationList section */
		B854579D29AE80B600DC7CD8 /* Build configuration list for PBXProject "AffordRing" */ = {
			isa = XCConfigurationList;
			buildConfigurations = (
				B85457AE29AE80B700DC7CD8 /* Debug */,
				B85457AF29AE80B700DC7CD8 /* Release */,
			);
			defaultConfigurationIsVisible = 0;
			defaultConfigurationName = Release;
		};
		B85457B029AE80B700DC7CD8 /* Build configuration list for PBXNativeTarget "AffordRing" */ = {
			isa = XCConfigurationList;
			buildConfigurations = (
				B85457B129AE80B700DC7CD8 /* Debug */,
				B85457B229AE80B700DC7CD8 /* Release */,
			);
			defaultConfigurationIsVisible = 0;
			defaultConfigurationName = Release;
		};
/* End XCConfigurationList section */
	};
	rootObject = B854579A29AE80B600DC7CD8 /* Project object */;
}
